
Microsoft Visual Studio Solution File, Format Version 12.00
# Visual Studio Version 17
VisualStudioVersion = 17.5.002.0
MinimumVisualStudioVersion = 10.0.40219.1
Project("{9A19103F-16F7-4668-BE54-9A1E7A4F7556}") = "sum-of-square-numbers", "sum-of-square-numbers.csproj", "{4C0E719F-C3DB-4FFE-981D-83815DA4C3C4}"
EndProject
Global
	GlobalSection(SolutionConfigurationPlatforms) = preSolution
		Debug|Any CPU = Debug|Any CPU
		Release|Any CPU = Release|Any CPU
	EndGlobalSection
	GlobalSection(ProjectConfigurationPlatforms) = postSolution
		{4C0E719F-C3DB-4FFE-981D-83815DA4C3C4}.Debug|Any CPU.ActiveCfg = Debug|Any CPU
		{4C0E719F-C3DB-4FFE-981D-83815DA4C3C4}.Debug|Any CPU.Build.0 = Debug|Any CPU
		{4C0E719F-C3DB-4FFE-981D-83815DA4C3C4}.Release|Any CPU.ActiveCfg = Release|Any CPU
		{4C0E719F-C3DB-4FFE-981D-83815DA4C3C4}.Release|Any CPU.Build.0 = Release|Any CPU
	EndGlobalSection
	GlobalSection(SolutionProperties) = preSolution
		HideSolutionNode = FALSE
	EndGlobalSection
	GlobalSection(ExtensibilityGlobals) = postSolution
		SolutionGuid = {A26A2AFA-C4CE-483A-B1A6-6127C03051E1}
	EndGlobalSection
EndGlobal
